// !$*UTF8*$!
{
	archiveVersion = 1;
	classes = {
	};
	objectVersion = 55;
	objects = {

/* Begin PBXBuildFile section */
		822DCF0A2A7D47CC00CE1173 /* TodOLisTApp.swift in Sources */ = {isa = PBXBuildFile; fileRef = 822DCF092A7D47CC00CE1173 /* TodOLisTApp.swift */; };
		822DCF0C2A7D47CC00CE1173 /* ContentView.swift in Sources */ = {isa = PBXBuildFile; fileRef = 822DCF0B2A7D47CC00CE1173 /* ContentView.swift */; };
		822DCF0E2A7D47CD00CE1173 /* Assets.xcassets in Resources */ = {isa = PBXBuildFile; fileRef = 822DCF0D2A7D47CD00CE1173 /* Assets.xcassets */; };
		822DCF112A7D47CD00CE1173 /* Preview Assets.xcassets in Resources */ = {isa = PBXBuildFile; fileRef = 822DCF102A7D47CD00CE1173 /* Preview Assets.xcassets */; };
		822DCF1B2A7D47CD00CE1173 /* TodOLisTTests.swift in Sources */ = {isa = PBXBuildFile; fileRef = 822DCF1A2A7D47CD00CE1173 /* TodOLisTTests.swift */; };
		822DCF252A7D47CD00CE1173 /* TodOLisTUITests.swift in Sources */ = {isa = PBXBuildFile; fileRef = 822DCF242A7D47CD00CE1173 /* TodOLisTUITests.swift */; };
		822DCF272A7D47CD00CE1173 /* TodOLisTUITestsLaunchTests.swift in Sources */ = {isa = PBXBuildFile; fileRef = 822DCF262A7D47CD00CE1173 /* TodOLisTUITestsLaunchTests.swift */; };
/* End PBXBuildFile section */

/* Begin PBXContainerItemProxy section */
		822DCF172A7D47CD00CE1173 /* PBXContainerItemProxy */ = {
			isa = PBXContainerItemProxy;
			containerPortal = 822DCEFE2A7D47CC00CE1173 /* Project object */;
			proxyType = 1;
			remoteGlobalIDString = 822DCF052A7D47CC00CE1173;
			remoteInfo = TodOLisT;
		};
		822DCF212A7D47CD00CE1173 /* PBXContainerItemProxy */ = {
			isa = PBXContainerItemProxy;
			containerPortal = 822DCEFE2A7D47CC00CE1173 /* Project object */;
			proxyType = 1;
			remoteGlobalIDString = 822DCF052A7D47CC00CE1173;
			remoteInfo = TodOLisT;
		};
/* End PBXContainerItemProxy section */

/* Begin PBXFileReference section */
		822DCF062A7D47CC00CE1173 /* TodOLisT.app */ = {isa = PBXFileReference; explicitFileType = wrapper.application; includeInIndex = 0; path = TodOLisT.app; sourceTree = BUILT_PRODUCTS_DIR; };
		822DCF092A7D47CC00CE1173 /* TodOLisTApp.swift */ = {isa = PBXFileReference; lastKnownFileType = sourcecode.swift; path = TodOLisTApp.swift; sourceTree = "<group>"; };
		822DCF0B2A7D47CC00CE1173 /* ContentView.swift */ = {isa = PBXFileReference; lastKnownFileType = sourcecode.swift; path = ContentView.swift; sourceTree = "<group>"; };
		822DCF0D2A7D47CD00CE1173 /* Assets.xcassets */ = {isa = PBXFileReference; lastKnownFileType = folder.assetcatalog; path = Assets.xcassets; sourceTree = "<group>"; };
		822DCF102A7D47CD00CE1173 /* Preview Assets.xcassets */ = {isa = PBXFileReference; lastKnownFileType = folder.assetcatalog; path = "Preview Assets.xcassets"; sourceTree = "<group>"; };
		822DCF162A7D47CD00CE1173 /* TodOLisTTests.xctest */ = {isa = PBXFileReference; explicitFileType = wrapper.cfbundle; includeInIndex = 0; path = TodOLisTTests.xctest; sourceTree = BUILT_PRODUCTS_DIR; };
		822DCF1A2A7D47CD00CE1173 /* TodOLisTTests.swift */ = {isa = PBXFileReference; lastKnownFileType = sourcecode.swift; path = TodOLisTTests.swift; sourceTree = "<group>"; };
		822DCF202A7D47CD00CE1173 /* TodOLisTUITests.xctest */ = {isa = PBXFileReference; explicitFileType = wrapper.cfbundle; includeInIndex = 0; path = TodOLisTUITests.xctest; sourceTree = BUILT_PRODUCTS_DIR; };
		822DCF242A7D47CD00CE1173 /* TodOLisTUITests.swift */ = {isa = PBXFileReference; lastKnownFileType = sourcecode.swift; path = TodOLisTUITests.swift; sourceTree = "<group>"; };
		822DCF262A7D47CD00CE1173 /* TodOLisTUITestsLaunchTests.swift */ = {isa = PBXFileReference; lastKnownFileType = sourcecode.swift; path = TodOLisTUITestsLaunchTests.swift; sourceTree = "<group>"; };
/* End PBXFileReference section */

/* Begin PBXFrameworksBuildPhase section */
		822DCF032A7D47CC00CE1173 /* Frameworks */ = {
			isa = PBXFrameworksBuildPhase;
			buildActionMask = 2147483647;
			files = (
			);
			runOnlyForDeploymentPostprocessing = 0;
		};
		822DCF132A7D47CD00CE1173 /* Frameworks */ = {
			isa = PBXFrameworksBuildPhase;
			buildActionMask = 2147483647;
			files = (
			);
			runOnlyForDeploymentPostprocessing = 0;
		};
		822DCF1D2A7D47CD00CE1173 /* Frameworks */ = {
			isa = PBXFrameworksBuildPhase;
			buildActionMask = 2147483647;
			files = (
			);
			runOnlyForDeploymentPostprocessing = 0;
		};
/* End PBXFrameworksBuildPhase section */

/* Begin PBXGroup section */
		822DCEFD2A7D47CC00CE1173 = {
			isa = PBXGroup;
			children = (
				822DCF082A7D47CC00CE1173 /* TodOLisT */,
				822DCF192A7D47CD00CE1173 /* TodOLisTTests */,
				822DCF232A7D47CD00CE1173 /* TodOLisTUITests */,
				822DCF072A7D47CC00CE1173 /* Products */,
			);
			sourceTree = "<group>";
		};
		822DCF072A7D47CC00CE1173 /* Products */ = {
			isa = PBXGroup;
			children = (
				822DCF062A7D47CC00CE1173 /* TodOLisT.app */,
				822DCF162A7D47CD00CE1173 /* TodOLisTTests.xctest */,
				822DCF202A7D47CD00CE1173 /* TodOLisTUITests.xctest */,
			);
			name = Products;
			sourceTree = "<group>";
		};
		822DCF082A7D47CC00CE1173 /* TodOLisT */ = {
			isa = PBXGroup;
			children = (
				822DCF092A7D47CC00CE1173 /* TodOLisTApp.swift */,
				822DCF0B2A7D47CC00CE1173 /* ContentView.swift */,
				822DCF0D2A7D47CD00CE1173 /* Assets.xcassets */,
				822DCF0F2A7D47CD00CE1173 /* Preview Content */,
			);
			path = TodOLisT;
			sourceTree = "<group>";
		};
		822DCF0F2A7D47CD00CE1173 /* Preview Content */ = {
			isa = PBXGroup;
			children = (
				822DCF102A7D47CD00CE1173 /* Preview Assets.xcassets */,
			);
			path = "Preview Content";
			sourceTree = "<group>";
		};
		822DCF192A7D47CD00CE1173 /* TodOLisTTests */ = {
			isa = PBXGroup;
			children = (
				822DCF1A2A7D47CD00CE1173 /* TodOLisTTests.swift */,
			);
			path = TodOLisTTests;
			sourceTree = "<group>";
		};
		822DCF232A7D47CD00CE1173 /* TodOLisTUITests */ = {
			isa = PBXGroup;
			children = (
				822DCF242A7D47CD00CE1173 /* TodOLisTUITests.swift */,
				822DCF262A7D47CD00CE1173 /* TodOLisTUITestsLaunchTests.swift */,
			);
			path = TodOLisTUITests;
			sourceTree = "<group>";
		};
/* End PBXGroup section */

/* Begin PBXNativeTarget section */
		822DCF052A7D47CC00CE1173 /* TodOLisT */ = {
			isa = PBXNativeTarget;
			buildConfigurationList = 822DCF2A2A7D47CD00CE1173 /* Build configuration list for PBXNativeTarget "TodOLisT" */;
			buildPhases = (
				822DCF022A7D47CC00CE1173 /* Sources */,
				822DCF032A7D47CC00CE1173 /* Frameworks */,
				822DCF042A7D47CC00CE1173 /* Resources */,
			);
			buildRules = (
			);
			dependencies = (
			);
			name = TodOLisT;
			productName = TodOLisT;
			productReference = 822DCF062A7D47CC00CE1173 /* TodOLisT.app */;
			productType = "com.apple.product-type.application";
		};
		822DCF152A7D47CD00CE1173 /* TodOLisTTests */ = {
			isa = PBXNativeTarget;
			buildConfigurationList = 822DCF2D2A7D47CD00CE1173 /* Build configuration list for PBXNativeTarget "TodOLisTTests" */;
			buildPhases = (
				822DCF122A7D47CD00CE1173 /* Sources */,
				822DCF132A7D47CD00CE1173 /* Frameworks */,
				822DCF142A7D47CD00CE1173 /* Resources */,
			);
			buildRules = (
			);
			dependencies = (
				822DCF182A7D47CD00CE1173 /* PBXTargetDependency */,
			);
			name = TodOLisTTests;
			productName = TodOLisTTests;
			productReference = 822DCF162A7D47CD00CE1173 /* TodOLisTTests.xctest */;
			productType = "com.apple.product-type.bundle.unit-test";
		};
		822DCF1F2A7D47CD00CE1173 /* TodOLisTUITests */ = {
			isa = PBXNativeTarget;
			buildConfigurationList = 822DCF302A7D47CD00CE1173 /* Build configuration list for PBXNativeTarget "TodOLisTUITests" */;
			buildPhases = (
				822DCF1C2A7D47CD00CE1173 /* Sources */,
				822DCF1D2A7D47CD00CE1173 /* Frameworks */,
				822DCF1E2A7D47CD00CE1173 /* Resources */,
			);
			buildRules = (
			);
			dependencies = (
				822DCF222A7D47CD00CE1173 /* PBXTargetDependency */,
			);
			name = TodOLisTUITests;
			productName = TodOLisTUITests;
			productReference = 822DCF202A7D47CD00CE1173 /* TodOLisTUITests.xctest */;
			productType = "com.apple.product-type.bundle.ui-testing";
		};
/* End PBXNativeTarget section */

/* Begin PBXProject section */
		822DCEFE2A7D47CC00CE1173 /* Project object */ = {
			isa = PBXProject;
			attributes = {
				BuildIndependentTargetsInParallel = 1;
				LastSwiftUpdateCheck = 1340;
				LastUpgradeCheck = 1340;
				TargetAttributes = {
					822DCF052A7D47CC00CE1173 = {
						CreatedOnToolsVersion = 13.4.1;
					};
					822DCF152A7D47CD00CE1173 = {
						CreatedOnToolsVersion = 13.4.1;
						TestTargetID = 822DCF052A7D47CC00CE1173;
					};
					822DCF1F2A7D47CD00CE1173 = {
						CreatedOnToolsVersion = 13.4.1;
						TestTargetID = 822DCF052A7D47CC00CE1173;
					};
				};
			};
			buildConfigurationList = 822DCF012A7D47CC00CE1173 /* Build configuration list for PBXProject "TodOLisT" */;
			compatibilityVersion = "Xcode 13.0";
			developmentRegion = en;
			hasScannedForEncodings = 0;
			knownRegions = (
				en,
				Base,
			);
			mainGroup = 822DCEFD2A7D47CC00CE1173;
			productRefGroup = 822DCF072A7D47CC00CE1173 /* Products */;
			projectDirPath = "";
			projectRoot = "";
			targets = (
				822DCF052A7D47CC00CE1173 /* TodOLisT */,
				822DCF152A7D47CD00CE1173 /* TodOLisTTests */,
				822DCF1F2A7D47CD00CE1173 /* TodOLisTUITests */,
			);
		};
/* End PBXProject section */

/* Begin PBXResourcesBuildPhase section */
		822DCF042A7D47CC00CE1173 /* Resources */ = {
			isa = PBXResourcesBuildPhase;
			buildActionMask = 2147483647;
			files = (
				822DCF112A7D47CD00CE1173 /* Preview Assets.xcassets in Resources */,
				822DCF0E2A7D47CD00CE1173 /* Assets.xcassets in Resources */,
			);
			runOnlyForDeploymentPostprocessing = 0;
		};
		822DCF142A7D47CD00CE1173 /* Resources */ = {
			isa = PBXResourcesBuildPhase;
			buildActionMask = 2147483647;
			files = (
			);
			runOnlyForDeploymentPostprocessing = 0;
		};
		822DCF1E2A7D47CD00CE1173 /* Resources */ = {
			isa = PBXResourcesBuildPhase;
			buildActionMask = 2147483647;
			files = (
			);
			runOnlyForDeploymentPostprocessing = 0;
		};
/* End PBXResourcesBuildPhase section */

/* Begin PBXSourcesBuildPhase section */
		822DCF022A7D47CC00CE1173 /* Sources */ = {
			isa = PBXSourcesBuildPhase;
			buildActionMask = 2147483647;
			files = (
				822DCF0C2A7D47CC00CE1173 /* ContentView.swift in Sources */,
				822DCF0A2A7D47CC00CE1173 /* TodOLisTApp.swift in Sources */,
			);
			runOnlyForDeploymentPostprocessing = 0;
		};
		822DCF122A7D47CD00CE1173 /* Sources */ = {
			isa = PBXSourcesBuildPhase;
			buildActionMask = 2147483647;
			files = (
				822DCF1B2A7D47CD00CE1173 /* TodOLisTTests.swift in Sources */,
			);
			runOnlyForDeploymentPostprocessing = 0;
		};
		822DCF1C2A7D47CD00CE1173 /* Sources */ = {
			isa = PBXSourcesBuildPhase;
			buildActionMask = 2147483647;
			files = (
				822DCF272A7D47CD00CE1173 /* TodOLisTUITestsLaunchTests.swift in Sources */,
				822DCF252A7D47CD00CE1173 /* TodOLisTUITests.swift in Sources */,
			);
			runOnlyForDeploymentPostprocessing = 0;
		};
/* End PBXSourcesBuildPhase section */

/* Begin PBXTargetDependency section */
		822DCF182A7D47CD00CE1173 /* PBXTargetDependency */ = {
			isa = PBXTargetDependency;
			target = 822DCF052A7D47CC00CE1173 /* TodOLisT */;
			targetProxy = 822DCF172A7D47CD00CE1173 /* PBXContainerItemProxy */;
		};
		822DCF222A7D47CD00CE1173 /* PBXTargetDependency */ = {
			isa = PBXTargetDependency;
			target = 822DCF052A7D47CC00CE1173 /* TodOLisT */;
			targetProxy = 822DCF212A7D47CD00CE1173 /* PBXContainerItemProxy */;
		};
/* End PBXTargetDependency section */

/* Begin XCBuildConfiguration section */
		822DCF282A7D47CD00CE1173 /* Debug */ = {
			isa = XCBuildConfiguration;
			buildSettings = {
				ALWAYS_SEARCH_USER_PATHS = NO;
				CLANG_ANALYZER_NONNULL = YES;
				CLANG_ANALYZER_NUMBER_OBJECT_CONVERSION = YES_AGGRESSIVE;
				CLANG_CXX_LANGUAGE_STANDARD = "gnu++17";
				CLANG_ENABLE_MODULES = YES;
				CLANG_ENABLE_OBJC_ARC = YES;
				CLANG_ENABLE_OBJC_WEAK = YES;
				CLANG_WARN_BLOCK_CAPTURE_AUTORELEASING = YES;
				CLANG_WARN_BOOL_CONVERSION = YES;
				CLANG_WARN_COMMA = YES;
				CLANG_WARN_CONSTANT_CONVERSION = YES;
				CLANG_WARN_DEPRECATED_OBJC_IMPLEMENTATIONS = YES;
				CLANG_WARN_DIRECT_OBJC_ISA_USAGE = YES_ERROR;
				CLANG_WARN_DOCUMENTATION_COMMENTS = YES;
				CLANG_WARN_EMPTY_BODY = YES;
				CLANG_WARN_ENUM_CONVERSION = YES;
				CLANG_WARN_INFINITE_RECURSION = YES;
				CLANG_WARN_INT_CONVERSION = YES;
				CLANG_WARN_NON_LITERAL_NULL_CONVERSION = YES;
				CLANG_WARN_OBJC_IMPLICIT_RETAIN_SELF = YES;
				CLANG_WARN_OBJC_LITERAL_CONVERSION = YES;
				CLANG_WARN_OBJC_ROOT_CLASS = YES_ERROR;
				CLANG_WARN_QUOTED_INCLUDE_IN_FRAMEWORK_HEADER = YES;
				CLANG_WARN_RANGE_LOOP_ANALYSIS = YES;
				CLANG_WARN_STRICT_PROTOTYPES = YES;
				CLANG_WARN_SUSPICIOUS_MOVE = YES;
				CLANG_WARN_UNGUARDED_AVAILABILITY = YES_AGGRESSIVE;
				CLANG_WARN_UNREACHABLE_CODE = YES;
				CLANG_WARN__DUPLICATE_METHOD_MATCH = YES;
				COPY_PHASE_STRIP = NO;
				DEBUG_INFORMATION_FORMAT = dwarf;
				ENABLE_STRICT_OBJC_MSGSEND = YES;
				ENABLE_TESTABILITY = YES;
				GCC_C_LANGUAGE_STANDARD = gnu11;
				GCC_DYNAMIC_NO_PIC = NO;
				GCC_NO_COMMON_BLOCKS = YES;
				GCC_OPTIMIZATION_LEVEL = 0;
				GCC_PREPROCESSOR_DEFINITIONS = (
					"DEBUG=1",
					"$(inherited)",
				);
				GCC_WARN_64_TO_32_BIT_CONVERSION = YES;
				GCC_WARN_ABOUT_RETURN_TYPE = YES_ERROR;
				GCC_WARN_UNDECLARED_SELECTOR = YES;
				GCC_WARN_UNINITIALIZED_AUTOS = YES_AGGRESSIVE;
				GCC_WARN_UNUSED_FUNCTION = YES;
				GCC_WARN_UNUSED_VARIABLE = YES;
				IPHONEOS_DEPLOYMENT_TARGET = 15.5;
				MTL_ENABLE_DEBUG_INFO = INCLUDE_SOURCE;
				MTL_FAST_MATH = YES;
				ONLY_ACTIVE_ARCH = YES;
				SDKROOT = iphoneos;
				SWIFT_ACTIVE_COMPILATION_CONDITIONS = DEBUG;
				SWIFT_OPTIMIZATION_LEVEL = "-Onone";
			};
			name = Debug;
		};
		822DCF292A7D47CD00CE1173 /* Release */ = {
			isa = XCBuildConfiguration;
			buildSettings = {
				ALWAYS_SEARCH_USER_PATHS = NO;
				CLANG_ANALYZER_NONNULL = YES;
				CLANG_ANALYZER_NUMBER_OBJECT_CONVERSION = YES_AGGRESSIVE;
				CLANG_CXX_LANGUAGE_STANDARD = "gnu++17";
				CLANG_ENABLE_MODULES = YES;
				CLANG_ENABLE_OBJC_ARC = YES;
				CLANG_ENABLE_OBJC_WEAK = YES;
				CLANG_WARN_BLOCK_CAPTURE_AUTORELEASING = YES;
				CLANG_WARN_BOOL_CONVERSION = YES;
				CLANG_WARN_COMMA = YES;
				CLANG_WARN_CONSTANT_CONVERSION = YES;
				CLANG_WARN_DEPRECATED_OBJC_IMPLEMENTATIONS = YES;
				CLANG_WARN_DIRECT_OBJC_ISA_USAGE = YES_ERROR;
				CLANG_WARN_DOCUMENTATION_COMMENTS = YES;
				CLANG_WARN_EMPTY_BODY = YES;
				CLANG_WARN_ENUM_CONVERSION = YES;
				CLANG_WARN_INFINITE_RECURSION = YES;
				CLANG_WARN_INT_CONVERSION = YES;
				CLANG_WARN_NON_LITERAL_NULL_CONVERSION = YES;
				CLANG_WARN_OBJC_IMPLICIT_RETAIN_SELF = YES;
				CLANG_WARN_OBJC_LITERAL_CONVERSION = YES;
				CLANG_WARN_OBJC_ROOT_CLASS = YES_ERROR;
				CLANG_WARN_QUOTED_INCLUDE_IN_FRAMEWORK_HEADER = YES;
				CLANG_WARN_RANGE_LOOP_ANALYSIS = YES;
				CLANG_WARN_STRICT_PROTOTYPES = YES;
				CLANG_WARN_SUSPICIOUS_MOVE = YES;
				CLANG_WARN_UNGUARDED_AVAILABILITY = YES_AGGRESSIVE;
				CLANG_WARN_UNREACHABLE_CODE = YES;
				CLANG_WARN__DUPLICATE_METHOD_MATCH = YES;
				COPY_PHASE_STRIP = NO;
				DEBUG_INFORMATION_FORMAT = "dwarf-with-dsym";
				ENABLE_NS_ASSERTIONS = NO;
				ENABLE_STRICT_OBJC_MSGSEND = YES;
				GCC_C_LANGUAGE_STANDARD = gnu11;
				GCC_NO_COMMON_BLOCKS = YES;
				GCC_WARN_64_TO_32_BIT_CONVERSION = YES;
				GCC_WARN_ABOUT_RETURN_TYPE = YES_ERROR;
				GCC_WARN_UNDECLARED_SELECTOR = YES;
				GCC_WARN_UNINITIALIZED_AUTOS = YES_AGGRESSIVE;
				GCC_WARN_UNUSED_FUNCTION = YES;
				GCC_WARN_UNUSED_VARIABLE = YES;
				IPHONEOS_DEPLOYMENT_TARGET = 15.5;
				MTL_ENABLE_DEBUG_INFO = NO;
				MTL_FAST_MATH = YES;
				SDKROOT = iphoneos;
				SWIFT_COMPILATION_MODE = wholemodule;
				SWIFT_OPTIMIZATION_LEVEL = "-O";
				VALIDATE_PRODUCT = YES;
			};
			name = Release;
		};
		822DCF2B2A7D47CD00CE1173 /* Debug */ = {
			isa = XCBuildConfiguration;
			buildSettings = {
				ASSETCATALOG_COMPILER_APPICON_NAME = AppIcon;
				ASSETCATALOG_COMPILER_GLOBAL_ACCENT_COLOR_NAME = AccentColor;
				CODE_SIGN_STYLE = Automatic;
				CURRENT_PROJECT_VERSION = 1;
				DEVELOPMENT_ASSET_PATHS = "\"TodOLisT/Preview Content\"";
				DEVELOPMENT_TEAM = 3V35N9JX9X;
				ENABLE_PREVIEWS = YES;
				GENERATE_INFOPLIST_FILE = YES;
				INFOPLIST_KEY_UIApplicationSceneManifest_Generation = YES;
				INFOPLIST_KEY_UIApplicationSupportsIndirectInputEvents = YES;
				INFOPLIST_KEY_UILaunchScreen_Generation = YES;
				INFOPLIST_KEY_UISupportedInterfaceOrientations_iPad = "UIInterfaceOrientationPortrait UIInterfaceOrientationPortraitUpsideDown UIInterfaceOrientationLandscapeLeft UIInterfaceOrientationLandscapeRight";
				INFOPLIST_KEY_UISupportedInterfaceOrientations_iPhone = "UIInterfaceOrientationPortrait UIInterfaceOrientationLandscapeLeft UIInterfaceOrientationLandscapeRight";
				LD_RUNPATH_SEARCH_PATHS = (
					"$(inherited)",
					"@executable_path/Frameworks",
				);
				MARKETING_VERSION = 1.0;
				PRODUCT_BUNDLE_IDENTIFIER = NuarCompany.TodOLisT;
				PRODUCT_NAME = "$(TARGET_NAME)";
				SWIFT_EMIT_LOC_STRINGS = YES;
				SWIFT_VERSION = 5.0;
				TARGETED_DEVICE_FAMILY = "1,2";
			};
			name = Debug;
		};
		822DCF2C2A7D47CD00CE1173 /* Release */ = {
			isa = XCBuildConfiguration;
			buildSettings = {
				ASSETCATALOG_COMPILER_APPICON_NAME = AppIcon;
				ASSETCATALOG_COMPILER_GLOBAL_ACCENT_COLOR_NAME = AccentColor;
				CODE_SIGN_STYLE = Automatic;
				CURRENT_PROJECT_VERSION = 1;
				DEVELOPMENT_ASSET_PATHS = "\"TodOLisT/Preview Content\"";
				DEVELOPMENT_TEAM = 3V35N9JX9X;
				ENABLE_PREVIEWS = YES;
				GENERATE_INFOPLIST_FILE = YES;
				INFOPLIST_KEY_UIApplicationSceneManifest_Generation = YES;
				INFOPLIST_KEY_UIApplicationSupportsIndirectInputEvents = YES;
				INFOPLIST_KEY_UILaunchScreen_Generation = YES;
				INFOPLIST_KEY_UISupportedInterfaceOrientations_iPad = "UIInterfaceOrientationPortrait UIInterfaceOrientationPortraitUpsideDown UIInterfaceOrientationLandscapeLeft UIInterfaceOrientationLandscapeRight";
				INFOPLIST_KEY_UISupportedInterfaceOrientations_iPhone = "UIInterfaceOrientationPortrait UIInterfaceOrientationLandscapeLeft UIInterfaceOrientationLandscapeRight";
				LD_RUNPATH_SEARCH_PATHS = (
					"$(inherited)",
					"@executable_path/Frameworks",
				);
				MARKETING_VERSION = 1.0;
				PRODUCT_BUNDLE_IDENTIFIER = NuarCompany.TodOLisT;
				PRODUCT_NAME = "$(TARGET_NAME)";
				SWIFT_EMIT_LOC_STRINGS = YES;
				SWIFT_VERSION = 5.0;
				TARGETED_DEVICE_FAMILY = "1,2";
			};
			name = Release;
		};
		822DCF2E2A7D47CD00CE1173 /* Debug */ = {
			isa = XCBuildConfiguration;
			buildSettings = {
				ALWAYS_EMBED_SWIFT_STANDARD_LIBRARIES = YES;
				BUNDLE_LOADER = "$(TEST_HOST)";
				CODE_SIGN_STYLE = Automatic;
				CURRENT_PROJECT_VERSION = 1;
				DEVELOPMENT_TEAM = 3V35N9JX9X;
				GENERATE_INFOPLIST_FILE = YES;
				IPHONEOS_DEPLOYMENT_TARGET = 15.5;
				MARKETING_VERSION = 1.0;
				PRODUCT_BUNDLE_IDENTIFIER = NuarCompany.TodOLisTTests;
				PRODUCT_NAME = "$(TARGET_NAME)";
				SWIFT_EMIT_LOC_STRINGS = NO;
				SWIFT_VERSION = 5.0;
				TARGETED_DEVICE_FAMILY = "1,2";
				TEST_HOST = "$(BUILT_PRODUCTS_DIR)/TodOLisT.app/TodOLisT";
			};
			name = Debug;
		};
		822DCF2F2A7D47CD00CE1173 /* Release */ = {
			isa = XCBuildConfiguration;
			buildSettings = {
				ALWAYS_EMBED_SWIFT_STANDARD_LIBRARIES = YES;
				BUNDLE_LOADER = "$(TEST_HOST)";
				CODE_SIGN_STYLE = Automatic;
				CURRENT_PROJECT_VERSION = 1;
				DEVELOPMENT_TEAM = 3V35N9JX9X;
				GENERATE_INFOPLIST_FILE = YES;
				IPHONEOS_DEPLOYMENT_TARGET = 15.5;
				MARKETING_VERSION = 1.0;
				PRODUCT_BUNDLE_IDENTIFIER = NuarCompany.TodOLisTTests;
				PRODUCT_NAME = "$(TARGET_NAME)";
				SWIFT_EMIT_LOC_STRINGS = NO;
				SWIFT_VERSION = 5.0;
				TARGETED_DEVICE_FAMILY = "1,2";
				TEST_HOST = "$(BUILT_PRODUCTS_DIR)/TodOLisT.app/TodOLisT";
			};
			name = Release;
		};
		822DCF312A7D47CD00CE1173 /* Debug */ = {
			isa = XCBuildConfiguration;
			buildSettings = {
				ALWAYS_EMBED_SWIFT_STANDARD_LIBRARIES = YES;
				CODE_SIGN_STYLE = Automatic;
				CURRENT_PROJECT_VERSION = 1;
				DEVELOPMENT_TEAM = 3V35N9JX9X;
				GENERATE_INFOPLIST_FILE = YES;
				MARKETING_VERSION = 1.0;
				PRODUCT_BUNDLE_IDENTIFIER = NuarCompany.TodOLisTUITests;
				PRODUCT_NAME = "$(TARGET_NAME)";
				SWIFT_EMIT_LOC_STRINGS = NO;
				SWIFT_VERSION = 5.0;
				TARGETED_DEVICE_FAMILY = "1,2";
				TEST_TARGET_NAME = TodOLisT;
			};
			name = Debug;
		};
		822DCF322A7D47CD00CE1173 /* Release */ = {
			isa = XCBuildConfiguration;
			buildSettings = {
				ALWAYS_EMBED_SWIFT_STANDARD_LIBRARIES = YES;
				CODE_SIGN_STYLE = Automatic;
				CURRENT_PROJECT_VERSION = 1;
				DEVELOPMENT_TEAM = 3V35N9JX9X;
				GENERATE_INFOPLIST_FILE = YES;
				MARKETING_VERSION = 1.0;
				PRODUCT_BUNDLE_IDENTIFIER = NuarCompany.TodOLisTUITests;
				PRODUCT_NAME = "$(TARGET_NAME)";
				SWIFT_EMIT_LOC_STRINGS = NO;
				SWIFT_VERSION = 5.0;
				TARGETED_DEVICE_FAMILY = "1,2";
				TEST_TARGET_NAME = TodOLisT;
			};
			name = Release;
		};
/* End XCBuildConfiguration section */

/* Begin XCConfigurationList section */
		822DCF012A7D47CC00CE1173 /* Build configuration list for PBXProject "TodOLisT" */ = {
			isa = XCConfigurationList;
			buildConfigurations = (
				822DCF282A7D47CD00CE1173 /* Debug */,
				822DCF292A7D47CD00CE1173 /* Release */,
			);
			defaultConfigurationIsVisible = 0;
			defaultConfigurationName = Release;
		};
		822DCF2A2A7D47CD00CE1173 /* Build configuration list for PBXNativeTarget "TodOLisT" */ = {
			isa = XCConfigurationList;
			buildConfigurations = (
				822DCF2B2A7D47CD00CE1173 /* Debug */,
				822DCF2C2A7D47CD00CE1173 /* Release */,
			);
			defaultConfigurationIsVisible = 0;
			defaultConfigurationName = Release;
		};
		822DCF2D2A7D47CD00CE1173 /* Build configuration list for PBXNativeTarget "TodOLisTTests" */ = {
			isa = XCConfigurationList;
			buildConfigurations = (
				822DCF2E2A7D47CD00CE1173 /* Debug */,
				822DCF2F2A7D47CD00CE1173 /* Release */,
			);
			defaultConfigurationIsVisible = 0;
			defaultConfigurationName = Release;
		};
		822DCF302A7D47CD00CE1173 /* Build configuration list for PBXNativeTarget "TodOLisTUITests" */ = {
			isa = XCConfigurationList;
			buildConfigurations = (
				822DCF312A7D47CD00CE1173 /* Debug */,
				822DCF322A7D47CD00CE1173 /* Release */,
			);
			defaultConfigurationIsVisible = 0;
			defaultConfigurationName = Release;
		};
/* End XCConfigurationList section */
	};
	rootObject = 822DCEFE2A7D47CC00CE1173 /* Project object */;
}
